
Microsoft Visual Studio Solution File, Format Version 12.00
# Visual Studio Version 16
VisualStudioVersion = 16.0.29215.179
MinimumVisualStudioVersion = 10.0.40219.1
Project("{00D1A9C2-B5F0-4AF3-8072-F6C62B433612}") = "DatabaseDemo", "DatabaseDemo\DatabaseDemo.sqlproj", "{17090872-556A-4FE4-9605-556FBC108C2C}"
EndProject
Global
	GlobalSection(SolutionConfigurationPlatforms) = preSolution
		Debug|Any CPU = Debug|Any CPU
		Release|Any CPU = Release|Any CPU
	EndGlobalSection
	GlobalSection(ProjectConfigurationPlatforms) = postSolution
		{17090872-556A-4FE4-9605-556FBC108C2C}.Debug|Any CPU.ActiveCfg = Debug|Any CPU
		{17090872-556A-4FE4-9605-556FBC108C2C}.Debug|Any CPU.Build.0 = Debug|Any CPU
		{17090872-556A-4FE4-9605-556FBC108C2C}.Debug|Any CPU.Deploy.0 = Debug|Any CPU
		{17090872-556A-4FE4-9605-556FBC108C2C}.Release|Any CPU.ActiveCfg = Release|Any CPU
		{17090872-556A-4FE4-9605-556FBC108C2C}.Release|Any CPU.Build.0 = Release|Any CPU
		{17090872-556A-4FE4-9605-556FBC108C2C}.Release|Any CPU.Deploy.0 = Release|Any CPU
	EndGlobalSection
	GlobalSection(SolutionProperties) = preSolution
		HideSolutionNode = FALSE
	EndGlobalSection
	GlobalSection(ExtensibilityGlobals) = postSolution
		SolutionGuid = {4E00526F-5312-4804-A400-D3E5F2D9EFBA}
	EndGlobalSection
EndGlobal
